{
  "lockfile_version": "1",
  "packages": {
    "nodejs@latest": {
      "last_modified": "2024-05-22T06:18:38Z",
      "plugin_version": "0.0.2",
      "resolved": "github:NixOS/nixpkgs/3f316d2a50699a78afe5e77ca486ad553169061e#nodejs_22",
      "source": "devbox-search",
      "version": "22.2.0",
      "systems": {
        "aarch64-darwin": {
          "outputs": [
            {
              "name": "out",
              "path": "/nix/store/rz5da1id31jgyax1yb6dms0mzpxkywds-nodejs-22.2.0",
              "default": true
            },
            {
              "name": "libv8",
              "path": "/nix/store/5pa8xjwgg12gh137n51hg90fsh9m0dab-nodejs-22.2.0-libv8"
            }
          ],
          "store_path": "/nix/store/rz5da1id31jgyax1yb6dms0mzpxkywds-nodejs-22.2.0"
        },
        "aarch64-linux": {
          "outputs": [
            {
              "name": "out",
              "path": "/nix/store/dkg3sm7j61sfkpvg0bpi0hbjcccbg2wy-nodejs-22.2.0",
              "default": true
            },
            {
              "name": "libv8",
              "path": "/nix/store/xy685pkgmwsd5wkdzvsd56ip9kb66g68-nodejs-22.2.0-libv8"
            }
          ],
          "store_path": "/nix/store/dkg3sm7j61sfkpvg0bpi0hbjcccbg2wy-nodejs-22.2.0"
        },
        "x86_64-darwin": {
          "outputs": [
            {
              "name": "out",
              "path": "/nix/store/y8ns070yvn6ffbwzhmvk03lw7lh4ly02-nodejs-22.2.0",
              "default": true
            },
            {
              "name": "libv8",
              "path": "/nix/store/9z2a94v29m4jmq4b899i9mqgswizb7lx-nodejs-22.2.0-libv8"
            }
          ],
          "store_path": "/nix/store/y8ns070yvn6ffbwzhmvk03lw7lh4ly02-nodejs-22.2.0"
        },
        "x86_64-linux": {
          "outputs": [
            {
              "name": "out",
              "path": "/nix/store/72m3szv59j74b12dmicmayvvlikh65qc-nodejs-22.2.0",
              "default": true
            },
            {
              "name": "libv8",
              "path": "/nix/store/cwmjcfmrp2ry6d7xmm6zxcrc9qhbi22k-nodejs-22.2.0-libv8"
            }
          ],
          "store_path": "/nix/store/72m3szv59j74b12dmicmayvvlikh65qc-nodejs-22.2.0"
        }
      }
    },
    "python@latest": {
      "last_modified": "2024-05-22T06:18:38Z",
      "plugin_version": "0.0.3",
      "resolved": "github:NixOS/nixpkgs/3f316d2a50699a78afe5e77ca486ad553169061e#python312",
      "source": "devbox-search",
      "version": "3.12.3",
      "systems": {
        "aarch64-darwin": {
          "outputs": [
            {
              "name": "out",
              "path": "/nix/store/lgymkqydhhmf88rvbq6hagq8lcpfr52w-python3-3.12.3",
              "default": true
            }
          ],
          "store_path": "/nix/store/lgymkqydhhmf88rvbq6hagq8lcpfr52w-python3-3.12.3"
        },
        "aarch64-linux": {
          "outputs": [
            {
              "name": "out",
              "path": "/nix/store/5wr6cnizn2by0m6px4cqmcny6wj63j8x-python3-3.12.3",
              "default": true
            },
            {
              "name": "debug",
              "path": "/nix/store/l2893yj1z369wsw13xngjjjipf2rwh8w-python3-3.12.3-debug"
            }
          ],
          "store_path": "/nix/store/5wr6cnizn2by0m6px4cqmcny6wj63j8x-python3-3.12.3"
        },
        "x86_64-darwin": {
          "outputs": [
            {
              "name": "out",
              "path": "/nix/store/cq1758383k2kn3qvggyy82cfy5h1jnxa-python3-3.12.3",
              "default": true
            }
          ],
          "store_path": "/nix/store/cq1758383k2kn3qvggyy82cfy5h1jnxa-python3-3.12.3"
        },
        "x86_64-linux": {
          "outputs": [
            {
              "name": "out",
              "path": "/nix/store/c7ycrgwv039nqglbif98yggx211sdbcl-python3-3.12.3",
              "default": true
            },
            {
              "name": "debug",
              "path": "/nix/store/5s5599pm38hpclwnnc4yf896fbbk8j4y-python3-3.12.3-debug"
            }
          ],
          "store_path": "/nix/store/c7ycrgwv039nqglbif98yggx211sdbcl-python3-3.12.3"
        }
      }
    }
  }
}
